PODS:
  - NavigationMeshGraph (0.0.2)
  - SwiftyJSON (2.2.1)

DEPENDENCIES:
  - NavigationMeshGraph (from `../`)
  - SwiftyJSON (from `https://github.com/SwiftyJSON/SwiftyJSON.git`, branch `xcode7`)

EXTERNAL SOURCES:
  NavigationMeshGraph:
    :path: "../"
  SwiftyJSON:
    :branch: xcode7
    :git: https://github.com/SwiftyJSON/SwiftyJSON.git

CHECKOUT OPTIONS:
  SwiftyJSON:
    :commit: f269523ac572979245baa99c8475eab73caf1e9b
    :git: https://github.com/SwiftyJSON/SwiftyJSON.git

SPEC CHECKSUMS:
  NavigationMeshGraph: bff2541b20980e99aaa377c53bc3e0450d081869
  SwiftyJSON: ae2d0a3d68025d136602a33c4ee215091ced3e33

COCOAPODS: 0.38.2
